
Microsoft Visual Studio Solution File, Format Version 12.00
# Visual Studio Version 16
VisualStudioVersion = 16.0.31129.286
MinimumVisualStudioVersion = 10.0.40219.1
Project("{FAE04EC0-301F-11D3-BF4B-00C04F79EFBC}") = "TaskContinueWith", "TaskContinueWith.csproj", "{4F35BC03-3087-4CA3-BD0C-A1301BE2067C}"
EndProject
Global
	GlobalSection(SolutionConfigurationPlatforms) = preSolution
		Debug|Any CPU = Debug|Any CPU
		Release|Any CPU = Release|Any CPU
	EndGlobalSection
	GlobalSection(ProjectConfigurationPlatforms) = postSolution
		{4F35BC03-3087-4CA3-BD0C-A1301BE2067C}.Debug|Any CPU.ActiveCfg = Debug|Any CPU
		{4F35BC03-3087-4CA3-BD0C-A1301BE2067C}.Debug|Any CPU.Build.0 = Debug|Any CPU
		{4F35BC03-3087-4CA3-BD0C-A1301BE2067C}.Release|Any CPU.ActiveCfg = Release|Any CPU
		{4F35BC03-3087-4CA3-BD0C-A1301BE2067C}.Release|Any CPU.Build.0 = Release|Any CPU
	EndGlobalSection
	GlobalSection(SolutionProperties) = preSolution
		HideSolutionNode = FALSE
	EndGlobalSection
	GlobalSection(ExtensibilityGlobals) = postSolution
		SolutionGuid = {8AA71BD3-E3E7-4193-AFD4-07CCDBC95E4C}
	EndGlobalSection
EndGlobal
